{
  "name": "movie-roulette-for-2-v2",
  "version": "0.1.0",
  "lockfileVersion": 3,
  "requires": true,
  "packages": {
    "": {
      "name": "movie-roulette-for-2-v2",
      "version": "0.1.0",
      "workspaces": [
        "client",
        "server",
        "shared"
      ]
    },
    "node_modules/@movie-roulette/shared": {
      "resolved": "shared",
      "link": true
    },
    "shared": {
      "name": "@movie-roulette/shared",
      "version": "0.1.0"
    }
  }
}
